
Microsoft Visual Studio Solution File, Format Version 12.00
# Visual Studio 14
VisualStudioVersion = 14.0.25420.1
MinimumVisualStudioVersion = 10.0.40219.1
Project("{FAE04EC0-301F-11D3-BF4B-00C04F79EFBC}") = "AdventOfCode", "AdventOfCode\AdventOfCode.csproj", "{2330C1F8-D170-4F82-9225-66FA98B35835}"
EndProject
Project("{FAE04EC0-301F-11D3-BF4B-00C04F79EFBC}") = "AdventOfCode.Tests", "AdventOfCode.Tests\AdventOfCode.Tests.csproj", "{6C58467E-C9EA-40D5-A865-C855A1505EC2}"
EndProject
Project("{FAE04EC0-301F-11D3-BF4B-00C04F79EFBC}") = "AdventOfCode.Console", "AdventOfCode.Console\AdventOfCode.Console.csproj", "{92DDF791-B760-4095-91B6-4DE08FC42DBC}"
EndProject
Global
	GlobalSection(SolutionConfigurationPlatforms) = preSolution
		Debug|Any CPU = Debug|Any CPU
		Release|Any CPU = Release|Any CPU
	EndGlobalSection
	GlobalSection(ProjectConfigurationPlatforms) = postSolution
		{2330C1F8-D170-4F82-9225-66FA98B35835}.Debug|Any CPU.ActiveCfg = Debug|Any CPU
		{2330C1F8-D170-4F82-9225-66FA98B35835}.Debug|Any CPU.Build.0 = Debug|Any CPU
		{2330C1F8-D170-4F82-9225-66FA98B35835}.Release|Any CPU.ActiveCfg = Release|Any CPU
		{2330C1F8-D170-4F82-9225-66FA98B35835}.Release|Any CPU.Build.0 = Release|Any CPU
		{6C58467E-C9EA-40D5-A865-C855A1505EC2}.Debug|Any CPU.ActiveCfg = Debug|Any CPU
		{6C58467E-C9EA-40D5-A865-C855A1505EC2}.Debug|Any CPU.Build.0 = Debug|Any CPU
		{6C58467E-C9EA-40D5-A865-C855A1505EC2}.Release|Any CPU.ActiveCfg = Release|Any CPU
		{6C58467E-C9EA-40D5-A865-C855A1505EC2}.Release|Any CPU.Build.0 = Release|Any CPU
		{92DDF791-B760-4095-91B6-4DE08FC42DBC}.Debug|Any CPU.ActiveCfg = Debug|Any CPU
		{92DDF791-B760-4095-91B6-4DE08FC42DBC}.Debug|Any CPU.Build.0 = Debug|Any CPU
		{92DDF791-B760-4095-91B6-4DE08FC42DBC}.Release|Any CPU.ActiveCfg = Release|Any CPU
		{92DDF791-B760-4095-91B6-4DE08FC42DBC}.Release|Any CPU.Build.0 = Release|Any CPU
	EndGlobalSection
	GlobalSection(SolutionProperties) = preSolution
		HideSolutionNode = FALSE
	EndGlobalSection
EndGlobal
